
Microsoft Visual Studio Solution File, Format Version 12.00
# Visual Studio Version 16
VisualStudioVersion = 16.0.31112.23
MinimumVisualStudioVersion = 10.0.40219.1
Project("{FAE04EC0-301F-11D3-BF4B-00C04F79EFBC}") = "RestaurantRater", "RestaurantRater\RestaurantRater.csproj", "{D497E48A-BFCD-4B41-95C6-555F33D93B6E}"
EndProject
Global
	GlobalSection(SolutionConfigurationPlatforms) = preSolution
		Debug|Any CPU = Debug|Any CPU
		Release|Any CPU = Release|Any CPU
	EndGlobalSection
	GlobalSection(ProjectConfigurationPlatforms) = postSolution
		{D497E48A-BFCD-4B41-95C6-555F33D93B6E}.Debug|Any CPU.ActiveCfg = Debug|Any CPU
		{D497E48A-BFCD-4B41-95C6-555F33D93B6E}.Debug|Any CPU.Build.0 = Debug|Any CPU
		{D497E48A-BFCD-4B41-95C6-555F33D93B6E}.Release|Any CPU.ActiveCfg = Release|Any CPU
		{D497E48A-BFCD-4B41-95C6-555F33D93B6E}.Release|Any CPU.Build.0 = Release|Any CPU
	EndGlobalSection
	GlobalSection(SolutionProperties) = preSolution
		HideSolutionNode = FALSE
	EndGlobalSection
	GlobalSection(ExtensibilityGlobals) = postSolution
		SolutionGuid = {925C8B7C-3423-42A4-8C3F-38132ACBE679}
	EndGlobalSection
EndGlobal
